// !$*UTF8*$!
{
	archiveVersion = 1;
	classes = {
	};
	objectVersion = 51;
	objects = {

/* Begin PBXBuildFile section */
		0420833D2533D15400AD683E /* LoginView.swift in Sources */ = {isa = PBXBuildFile; fileRef = 0420833C2533D15400AD683E /* LoginView.swift */; };
		042083432533D18D00AD683E /* View.swift in Sources */ = {isa = PBXBuildFile; fileRef = 042083422533D18D00AD683E /* View.swift */; };
		042083482533D1BE00AD683E /* View+Lottie.swift in Sources */ = {isa = PBXBuildFile; fileRef = 042083472533D1BE00AD683E /* View+Lottie.swift */; };
		042083532533D35900AD683E /* LoaderView.swift in Sources */ = {isa = PBXBuildFile; fileRef = 042083522533D35900AD683E /* LoaderView.swift */; };
		0428540E253425F6003F7030 /* Conversations.storyboard in Resources */ = {isa = PBXBuildFile; fileRef = 0428540D253425F6003F7030 /* Conversations.storyboard */; };
		0428541325342626003F7030 /* ConversationsViewController.swift in Sources */ = {isa = PBXBuildFile; fileRef = 0428541225342626003F7030 /* ConversationsViewController.swift */; };
		042854192534266D003F7030 /* ConversationsView.swift in Sources */ = {isa = PBXBuildFile; fileRef = 042854182534266D003F7030 /* ConversationsView.swift */; };
		04285425253429BA003F7030 /* ResetPasswordViewModel.swift in Sources */ = {isa = PBXBuildFile; fileRef = 04285424253429BA003F7030 /* ResetPasswordViewModel.swift */; };
		0428542E253429F0003F7030 /* ResetPasswordView.swift in Sources */ = {isa = PBXBuildFile; fileRef = 0428542D253429F0003F7030 /* ResetPasswordView.swift */; };
		0428543925342A20003F7030 /* ResetPassword.storyboard in Resources */ = {isa = PBXBuildFile; fileRef = 0428543825342A20003F7030 /* ResetPassword.storyboard */; };
		0428543E25342A49003F7030 /* ResetPasswordViewController.swift in Sources */ = {isa = PBXBuildFile; fileRef = 0428543D25342A49003F7030 /* ResetPasswordViewController.swift */; };
		0428544325342BE3003F7030 /* ResetPasswordComposer.swift in Sources */ = {isa = PBXBuildFile; fileRef = 0428544225342BE3003F7030 /* ResetPasswordComposer.swift */; };
		0428544C2534329B003F7030 /* ConversationsViewModel.swift in Sources */ = {isa = PBXBuildFile; fileRef = 0428544B2534329B003F7030 /* ConversationsViewModel.swift */; };
		04285452253432D4003F7030 /* ConversationsComposer.swift in Sources */ = {isa = PBXBuildFile; fileRef = 04285451253432D4003F7030 /* ConversationsComposer.swift */; };
		0428545E2534348C003F7030 /* User.swift in Sources */ = {isa = PBXBuildFile; fileRef = 0428545D2534348C003F7030 /* User.swift */; };
		04285466253434F3003F7030 /* FirebaseManager.swift in Sources */ = {isa = PBXBuildFile; fileRef = 04285465253434F3003F7030 /* FirebaseManager.swift */; };
		0428548725343605003F7030 /* Message.swift in Sources */ = {isa = PBXBuildFile; fileRef = 0428548625343605003F7030 /* Message.swift */; };
		0428549A25343742003F7030 /* Conversation.swift in Sources */ = {isa = PBXBuildFile; fileRef = 0428549925343742003F7030 /* Conversation.swift */; };
		0428549F2534400D003F7030 /* GoogleService-Info.plist in Resources */ = {isa = PBXBuildFile; fileRef = 0428549E2534400D003F7030 /* GoogleService-Info.plist */; };
		042854AE25349DA0003F7030 /* ConversationsTableViewCell.swift in Sources */ = {isa = PBXBuildFile; fileRef = 042854AD25349DA0003F7030 /* ConversationsTableViewCell.swift */; };
		042854B92534A2CC003F7030 /* SearchResult.swift in Sources */ = {isa = PBXBuildFile; fileRef = 042854B82534A2CC003F7030 /* SearchResult.swift */; };
		042854C12534A41D003F7030 /* Utils.swift in Sources */ = {isa = PBXBuildFile; fileRef = 042854C02534A41D003F7030 /* Utils.swift */; };
		042854CC2534B132003F7030 /* NewConversationViewController.swift in Sources */ = {isa = PBXBuildFile; fileRef = 042854CB2534B132003F7030 /* NewConversationViewController.swift */; };
		042854D42534B167003F7030 /* NewConversationTableViewCell.swift in Sources */ = {isa = PBXBuildFile; fileRef = 042854D32534B167003F7030 /* NewConversationTableViewCell.swift */; };
		042854DB2534B82F003F7030 /* ConversationViewController.swift in Sources */ = {isa = PBXBuildFile; fileRef = 042854DA2534B82F003F7030 /* ConversationViewController.swift */; };
		0476B89F2533C551004C977C /* AppDelegate.swift in Sources */ = {isa = PBXBuildFile; fileRef = 0476B89E2533C551004C977C /* AppDelegate.swift */; };
		0476B8A12533C551004C977C /* SceneDelegate.swift in Sources */ = {isa = PBXBuildFile; fileRef = 0476B8A02533C551004C977C /* SceneDelegate.swift */; };
		0476B8A32533C551004C977C /* LoginViewController.swift in Sources */ = {isa = PBXBuildFile; fileRef = 0476B8A22533C551004C977C /* LoginViewController.swift */; };
		0476B8A62533C551004C977C /* Login.storyboard in Resources */ = {isa = PBXBuildFile; fileRef = 0476B8A42533C551004C977C /* Login.storyboard */; };
		0476B8A82533C554004C977C /* Assets.xcassets in Resources */ = {isa = PBXBuildFile; fileRef = 0476B8A72533C554004C977C /* Assets.xcassets */; };
		0476B8AB2533C554004C977C /* LaunchScreen.storyboard in Resources */ = {isa = PBXBuildFile; fileRef = 0476B8A92533C554004C977C /* LaunchScreen.storyboard */; };
		0476B8B62533C555004C977C /* ChatAppTests.swift in Sources */ = {isa = PBXBuildFile; fileRef = 0476B8B52533C555004C977C /* ChatAppTests.swift */; };
		0476B8C12533C555004C977C /* ChatAppUITests.swift in Sources */ = {isa = PBXBuildFile; fileRef = 0476B8C02533C555004C977C /* ChatAppUITests.swift */; };
		04A24EF42533D5EF0007E625 /* loader.json in Resources */ = {isa = PBXBuildFile; fileRef = 04A24EF32533D5EF0007E625 /* loader.json */; };
		04A24EF92533D6960007E625 /* LoginComposer.swift in Sources */ = {isa = PBXBuildFile; fileRef = 04A24EF82533D6960007E625 /* LoginComposer.swift */; };
		04A24EFE2533D70A0007E625 /* LoginViewModel.swift in Sources */ = {isa = PBXBuildFile; fileRef = 04A24EFD2533D70A0007E625 /* LoginViewModel.swift */; };
		04A24F062533DBFF0007E625 /* Register.storyboard in Resources */ = {isa = PBXBuildFile; fileRef = 04A24F052533DBFF0007E625 /* Register.storyboard */; };
		04A24F2025341E070007E625 /* RegisterViewController.swift in Sources */ = {isa = PBXBuildFile; fileRef = 04A24F1F25341E070007E625 /* RegisterViewController.swift */; };
		04A24F4225341FEB0007E625 /* RegisterViewModel.swift in Sources */ = {isa = PBXBuildFile; fileRef = 04A24F4125341FEB0007E625 /* RegisterViewModel.swift */; };
		04A24F4725341FF70007E625 /* RegisterView.swift in Sources */ = {isa = PBXBuildFile; fileRef = 04A24F4625341FF70007E625 /* RegisterView.swift */; };
		04A24F4C253421580007E625 /* RegisterComposer.swift in Sources */ = {isa = PBXBuildFile; fileRef = 04A24F4B253421580007E625 /* RegisterComposer.swift */; };
		04E6BD522534CC8A00FD155A /* NewConversationView.swift in Sources */ = {isa = PBXBuildFile; fileRef = 04E6BD512534CC8A00FD155A /* NewConversationView.swift */; };
		04E6BD582534CCC000FD155A /* NewConversationViewModel.swift in Sources */ = {isa = PBXBuildFile; fileRef = 04E6BD572534CCC000FD155A /* NewConversationViewModel.swift */; };
		04E6BD5D2534CF6000FD155A /* NewConversationComposer.swift in Sources */ = {isa = PBXBuildFile; fileRef = 04E6BD5C2534CF6000FD155A /* NewConversationComposer.swift */; };
		04E6BD692534D17800FD155A /* ConversationComposer.swift in Sources */ = {isa = PBXBuildFile; fileRef = 04E6BD682534D17800FD155A /* ConversationComposer.swift */; };
		04E6BD722534D18800FD155A /* ConversationViewModel.swift in Sources */ = {isa = PBXBuildFile; fileRef = 04E6BD712534D18800FD155A /* ConversationViewModel.swift */; };
		04E6BD7A2534D32200FD155A /* ConversationView.swift in Sources */ = {isa = PBXBuildFile; fileRef = 04E6BD792534D32200FD155A /* ConversationView.swift */; };
		04E6BD812534E1D600FD155A /* Profile.storyboard in Resources */ = {isa = PBXBuildFile; fileRef = 04E6BD802534E1D500FD155A /* Profile.storyboard */; };
		04E6BD892534E2C500FD155A /* ProfileViewController.swift in Sources */ = {isa = PBXBuildFile; fileRef = 04E6BD882534E2C500FD155A /* ProfileViewController.swift */; };
		04E6BD8F2534E37B00FD155A /* ProfileView.swift in Sources */ = {isa = PBXBuildFile; fileRef = 04E6BD8E2534E37B00FD155A /* ProfileView.swift */; };
		04E6BD942534E41600FD155A /* ProfileViewModel.swift in Sources */ = {isa = PBXBuildFile; fileRef = 04E6BD932534E41600FD155A /* ProfileViewModel.swift */; };
		04E6BD9A2534E92D00FD155A /* ProfileComposer.swift in Sources */ = {isa = PBXBuildFile; fileRef = 04E6BD992534E92D00FD155A /* ProfileComposer.swift */; };
		13369E250CF522F9F40ACDDF /* Pods_ChatAppTests.framework in Frameworks */ = {isa = PBXBuildFile; fileRef = 988EBDA3A94ABA4E5AD63A3E /* Pods_ChatAppTests.framework */; };
		955E809BD8058EED41EDDCDD /* Pods_ChatApp_ChatAppUITests.framework in Frameworks */ = {isa = PBXBuildFile; fileRef = 6A566457C860F036889E580C /* Pods_ChatApp_ChatAppUITests.framework */; };
		9EFBB92A28EA3B3B47048B05 /* Pods_ChatApp.framework in Frameworks */ = {isa = PBXBuildFile; fileRef = B3739EEAFA19820086C2F562 /* Pods_ChatApp.framework */; };
/* End PBXBuildFile section */

/* Begin PBXContainerItemProxy section */
		0476B8B22533C555004C977C /* PBXContainerItemProxy */ = {
			isa = PBXContainerItemProxy;
			containerPortal = 0476B8932533C551004C977C /* Project object */;
			proxyType = 1;
			remoteGlobalIDString = 0476B89A2533C551004C977C;
			remoteInfo = ChatApp;
		};
		0476B8BD2533C555004C977C /* PBXContainerItemProxy */ = {
			isa = PBXContainerItemProxy;
			containerPortal = 0476B8932533C551004C977C /* Project object */;
			proxyType = 1;
			remoteGlobalIDString = 0476B89A2533C551004C977C;
			remoteInfo = ChatApp;
		};
/* End PBXContainerItemProxy section */

/* Begin PBXFileReference section */
		0420833C2533D15400AD683E /* LoginView.swift */ = {isa = PBXFileReference; lastKnownFileType = sourcecode.swift; path = LoginView.swift; sourceTree = "<group>"; };
		042083422533D18D00AD683E /* View.swift */ = {isa = PBXFileReference; lastKnownFileType = sourcecode.swift; path = View.swift; sourceTree = "<group>"; };
		042083472533D1BE00AD683E /* View+Lottie.swift */ = {isa = PBXFileReference; lastKnownFileType = sourcecode.swift; path = "View+Lottie.swift"; sourceTree = "<group>"; };
		042083522533D35900AD683E /* LoaderView.swift */ = {isa = PBXFileReference; lastKnownFileType = sourcecode.swift; path = LoaderView.swift; sourceTree = "<group>"; };
		0428540D253425F6003F7030 /* Conversations.storyboard */ = {isa = PBXFileReference; lastKnownFileType = file.storyboard; path = Conversations.storyboard; sourceTree = "<group>"; };
		0428541225342626003F7030 /* ConversationsViewController.swift */ = {isa = PBXFileReference; lastKnownFileType = sourcecode.swift; path = ConversationsViewController.swift; sourceTree = "<group>"; };
		042854182534266D003F7030 /* ConversationsView.swift */ = {isa = PBXFileReference; lastKnownFileType = sourcecode.swift; path = ConversationsView.swift; sourceTree = "<group>"; };
		04285424253429BA003F7030 /* ResetPasswordViewModel.swift */ = {isa = PBXFileReference; lastKnownFileType = sourcecode.swift; path = ResetPasswordViewModel.swift; sourceTree = "<group>"; };
		0428542D253429F0003F7030 /* ResetPasswordView.swift */ = {isa = PBXFileReference; lastKnownFileType = sourcecode.swift; path = ResetPasswordView.swift; sourceTree = "<group>"; };
		0428543825342A20003F7030 /* ResetPassword.storyboard */ = {isa = PBXFileReference; lastKnownFileType = file.storyboard; path = ResetPassword.storyboard; sourceTree = "<group>"; };
		0428543D25342A49003F7030 /* ResetPasswordViewController.swift */ = {isa = PBXFileReference; lastKnownFileType = sourcecode.swift; path = ResetPasswordViewController.swift; sourceTree = "<group>"; };
		0428544225342BE3003F7030 /* ResetPasswordComposer.swift */ = {isa = PBXFileReference; lastKnownFileType = sourcecode.swift; path = ResetPasswordComposer.swift; sourceTree = "<group>"; };
		0428544B2534329B003F7030 /* ConversationsViewModel.swift */ = {isa = PBXFileReference; lastKnownFileType = sourcecode.swift; path = ConversationsViewModel.swift; sourceTree = "<group>"; };
		04285451253432D4003F7030 /* ConversationsComposer.swift */ = {isa = PBXFileReference; lastKnownFileType = sourcecode.swift; path = ConversationsComposer.swift; sourceTree = "<group>"; };
		0428545D2534348C003F7030 /* User.swift */ = {isa = PBXFileReference; lastKnownFileType = sourcecode.swift; path = User.swift; sourceTree = "<group>"; };
		04285465253434F3003F7030 /* FirebaseManager.swift */ = {isa = PBXFileReference; lastKnownFileType = sourcecode.swift; path = FirebaseManager.swift; sourceTree = "<group>"; };
		0428548625343605003F7030 /* Message.swift */ = {isa = PBXFileReference; lastKnownFileType = sourcecode.swift; path = Message.swift; sourceTree = "<group>"; };
		0428549925343742003F7030 /* Conversation.swift */ = {isa = PBXFileReference; lastKnownFileType = sourcecode.swift; path = Conversation.swift; sourceTree = "<group>"; };
		0428549E2534400D003F7030 /* GoogleService-Info.plist */ = {isa = PBXFileReference; fileEncoding = 4; lastKnownFileType = text.plist.xml; path = "GoogleService-Info.plist"; sourceTree = "<group>"; };
		042854AD25349DA0003F7030 /* ConversationsTableViewCell.swift */ = {isa = PBXFileReference; lastKnownFileType = sourcecode.swift; path = ConversationsTableViewCell.swift; sourceTree = "<group>"; };
		042854B82534A2CC003F7030 /* SearchResult.swift */ = {isa = PBXFileReference; lastKnownFileType = sourcecode.swift; path = SearchResult.swift; sourceTree = "<group>"; };
		042854C02534A41D003F7030 /* Utils.swift */ = {isa = PBXFileReference; lastKnownFileType = sourcecode.swift; path = Utils.swift; sourceTree = "<group>"; };
		042854CB2534B132003F7030 /* NewConversationViewController.swift */ = {isa = PBXFileReference; lastKnownFileType = sourcecode.swift; path = NewConversationViewController.swift; sourceTree = "<group>"; };
		042854D32534B167003F7030 /* NewConversationTableViewCell.swift */ = {isa = PBXFileReference; lastKnownFileType = sourcecode.swift; path = NewConversationTableViewCell.swift; sourceTree = "<group>"; };
		042854DA2534B82F003F7030 /* ConversationViewController.swift */ = {isa = PBXFileReference; lastKnownFileType = sourcecode.swift; path = ConversationViewController.swift; sourceTree = "<group>"; };
		0476B89B2533C551004C977C /* ChatApp.app */ = {isa = PBXFileReference; explicitFileType = wrapper.application; includeInIndex = 0; path = ChatApp.app; sourceTree = BUILT_PRODUCTS_DIR; };
		0476B89E2533C551004C977C /* AppDelegate.swift */ = {isa = PBXFileReference; lastKnownFileType = sourcecode.swift; path = AppDelegate.swift; sourceTree = "<group>"; };
		0476B8A02533C551004C977C /* SceneDelegate.swift */ = {isa = PBXFileReference; lastKnownFileType = sourcecode.swift; path = SceneDelegate.swift; sourceTree = "<group>"; };
		0476B8A22533C551004C977C /* LoginViewController.swift */ = {isa = PBXFileReference; lastKnownFileType = sourcecode.swift; path = LoginViewController.swift; sourceTree = "<group>"; };
		0476B8A52533C551004C977C /* Base */ = {isa = PBXFileReference; lastKnownFileType = file.storyboard; name = Base; path = Base.lproj/Login.storyboard; sourceTree = "<group>"; };
		0476B8A72533C554004C977C /* Assets.xcassets */ = {isa = PBXFileReference; lastKnownFileType = folder.assetcatalog; path = Assets.xcassets; sourceTree = "<group>"; };
		0476B8AA2533C554004C977C /* Base */ = {isa = PBXFileReference; lastKnownFileType = file.storyboard; name = Base; path = Base.lproj/LaunchScreen.storyboard; sourceTree = "<group>"; };
		0476B8AC2533C554004C977C /* Info.plist */ = {isa = PBXFileReference; lastKnownFileType = text.plist.xml; path = Info.plist; sourceTree = "<group>"; };
		0476B8B12533C555004C977C /* ChatAppTests.xctest */ = {isa = PBXFileReference; explicitFileType = wrapper.cfbundle; includeInIndex = 0; path = ChatAppTests.xctest; sourceTree = BUILT_PRODUCTS_DIR; };
		0476B8B52533C555004C977C /* ChatAppTests.swift */ = {isa = PBXFileReference; lastKnownFileType = sourcecode.swift; path = ChatAppTests.swift; sourceTree = "<group>"; };
		0476B8B72533C555004C977C /* Info.plist */ = {isa = PBXFileReference; lastKnownFileType = text.plist.xml; path = Info.plist; sourceTree = "<group>"; };
		0476B8BC2533C555004C977C /* ChatAppUITests.xctest */ = {isa = PBXFileReference; explicitFileType = wrapper.cfbundle; includeInIndex = 0; path = ChatAppUITests.xctest; sourceTree = BUILT_PRODUCTS_DIR; };
		0476B8C02533C555004C977C /* ChatAppUITests.swift */ = {isa = PBXFileReference; lastKnownFileType = sourcecode.swift; path = ChatAppUITests.swift; sourceTree = "<group>"; };
		0476B8C22533C555004C977C /* Info.plist */ = {isa = PBXFileReference; lastKnownFileType = text.plist.xml; path = Info.plist; sourceTree = "<group>"; };
		04A24EF32533D5EF0007E625 /* loader.json */ = {isa = PBXFileReference; fileEncoding = 4; lastKnownFileType = text.json; path = loader.json; sourceTree = "<group>"; };
		04A24EF82533D6960007E625 /* LoginComposer.swift */ = {isa = PBXFileReference; lastKnownFileType = sourcecode.swift; path = LoginComposer.swift; sourceTree = "<group>"; };
		04A24EFD2533D70A0007E625 /* LoginViewModel.swift */ = {isa = PBXFileReference; lastKnownFileType = sourcecode.swift; path = LoginViewModel.swift; sourceTree = "<group>"; };
		04A24F052533DBFF0007E625 /* Register.storyboard */ = {isa = PBXFileReference; lastKnownFileType = file.storyboard; path = Register.storyboard; sourceTree = "<group>"; };
		04A24F1F25341E070007E625 /* RegisterViewController.swift */ = {isa = PBXFileReference; lastKnownFileType = sourcecode.swift; path = RegisterViewController.swift; sourceTree = "<group>"; };
		04A24F4125341FEB0007E625 /* RegisterViewModel.swift */ = {isa = PBXFileReference; lastKnownFileType = sourcecode.swift; path = RegisterViewModel.swift; sourceTree = "<group>"; };
		04A24F4625341FF70007E625 /* RegisterView.swift */ = {isa = PBXFileReference; lastKnownFileType = sourcecode.swift; path = RegisterView.swift; sourceTree = "<group>"; };
		04A24F4B253421580007E625 /* RegisterComposer.swift */ = {isa = PBXFileReference; lastKnownFileType = sourcecode.swift; path = RegisterComposer.swift; sourceTree = "<group>"; };
		04E6BD512534CC8A00FD155A /* NewConversationView.swift */ = {isa = PBXFileReference; lastKnownFileType = sourcecode.swift; path = NewConversationView.swift; sourceTree = "<group>"; };
		04E6BD572534CCC000FD155A /* NewConversationViewModel.swift */ = {isa = PBXFileReference; lastKnownFileType = sourcecode.swift; path = NewConversationViewModel.swift; sourceTree = "<group>"; };
		04E6BD5C2534CF6000FD155A /* NewConversationComposer.swift */ = {isa = PBXFileReference; lastKnownFileType = sourcecode.swift; path = NewConversationComposer.swift; sourceTree = "<group>"; };
		04E6BD682534D17800FD155A /* ConversationComposer.swift */ = {isa = PBXFileReference; lastKnownFileType = sourcecode.swift; path = ConversationComposer.swift; sourceTree = "<group>"; };
		04E6BD712534D18800FD155A /* ConversationViewModel.swift */ = {isa = PBXFileReference; lastKnownFileType = sourcecode.swift; path = ConversationViewModel.swift; sourceTree = "<group>"; };
		04E6BD792534D32200FD155A /* ConversationView.swift */ = {isa = PBXFileReference; lastKnownFileType = sourcecode.swift; path = ConversationView.swift; sourceTree = "<group>"; };
		04E6BD802534E1D500FD155A /* Profile.storyboard */ = {isa = PBXFileReference; lastKnownFileType = file.storyboard; path = Profile.storyboard; sourceTree = "<group>"; };
		04E6BD882534E2C500FD155A /* ProfileViewController.swift */ = {isa = PBXFileReference; lastKnownFileType = sourcecode.swift; path = ProfileViewController.swift; sourceTree = "<group>"; };
		04E6BD8E2534E37B00FD155A /* ProfileView.swift */ = {isa = PBXFileReference; lastKnownFileType = sourcecode.swift; path = ProfileView.swift; sourceTree = "<group>"; };
		04E6BD932534E41600FD155A /* ProfileViewModel.swift */ = {isa = PBXFileReference; lastKnownFileType = sourcecode.swift; path = ProfileViewModel.swift; sourceTree = "<group>"; };
		04E6BD992534E92D00FD155A /* ProfileComposer.swift */ = {isa = PBXFileReference; lastKnownFileType = sourcecode.swift; path = ProfileComposer.swift; sourceTree = "<group>"; };
		354A4FDDB94A00C93188F62A /* Pods-ChatApp-ChatAppUITests.debug.xcconfig */ = {isa = PBXFileReference; includeInIndex = 1; lastKnownFileType = text.xcconfig; name = "Pods-ChatApp-ChatAppUITests.debug.xcconfig"; path = "Target Support Files/Pods-ChatApp-ChatAppUITests/Pods-ChatApp-ChatAppUITests.debug.xcconfig"; sourceTree = "<group>"; };
		6A566457C860F036889E580C /* Pods_ChatApp_ChatAppUITests.framework */ = {isa = PBXFileReference; explicitFileType = wrapper.framework; includeInIndex = 0; path = Pods_ChatApp_ChatAppUITests.framework; sourceTree = BUILT_PRODUCTS_DIR; };
		7664C29E2007B18DB56DDE98 /* Pods-ChatAppTests.debug.xcconfig */ = {isa = PBXFileReference; includeInIndex = 1; lastKnownFileType = text.xcconfig; name = "Pods-ChatAppTests.debug.xcconfig"; path = "Target Support Files/Pods-ChatAppTests/Pods-ChatAppTests.debug.xcconfig"; sourceTree = "<group>"; };
		772F9843B8B7E78579262901 /* Pods-ChatApp.debug.xcconfig */ = {isa = PBXFileReference; includeInIndex = 1; lastKnownFileType = text.xcconfig; name = "Pods-ChatApp.debug.xcconfig"; path = "Target Support Files/Pods-ChatApp/Pods-ChatApp.debug.xcconfig"; sourceTree = "<group>"; };
		988EBDA3A94ABA4E5AD63A3E /* Pods_ChatAppTests.framework */ = {isa = PBXFileReference; explicitFileType = wrapper.framework; includeInIndex = 0; path = Pods_ChatAppTests.framework; sourceTree = BUILT_PRODUCTS_DIR; };
		A30836C5349EF743DCE3FCF8 /* Pods-ChatAppTests.release.xcconfig */ = {isa = PBXFileReference; includeInIndex = 1; lastKnownFileType = text.xcconfig; name = "Pods-ChatAppTests.release.xcconfig"; path = "Target Support Files/Pods-ChatAppTests/Pods-ChatAppTests.release.xcconfig"; sourceTree = "<group>"; };
		B3739EEAFA19820086C2F562 /* Pods_ChatApp.framework */ = {isa = PBXFileReference; explicitFileType = wrapper.framework; includeInIndex = 0; path = Pods_ChatApp.framework; sourceTree = BUILT_PRODUCTS_DIR; };
		C238421A8316690F6CEDAE73 /* Pods-ChatApp.release.xcconfig */ = {isa = PBXFileReference; includeInIndex = 1; lastKnownFileType = text.xcconfig; name = "Pods-ChatApp.release.xcconfig"; path = "Target Support Files/Pods-ChatApp/Pods-ChatApp.release.xcconfig"; sourceTree = "<group>"; };
		C7966BC0134D6FB5F7E8498F /* Pods-ChatApp-ChatAppUITests.release.xcconfig */ = {isa = PBXFileReference; includeInIndex = 1; lastKnownFileType = text.xcconfig; name = "Pods-ChatApp-ChatAppUITests.release.xcconfig"; path = "Target Support Files/Pods-ChatApp-ChatAppUITests/Pods-ChatApp-ChatAppUITests.release.xcconfig"; sourceTree = "<group>"; };
/* End PBXFileReference section */

/* Begin PBXFrameworksBuildPhase section */
		0476B8982533C551004C977C /* Frameworks */ = {
			isa = PBXFrameworksBuildPhase;
			buildActionMask = 2147483647;
			files = (
				9EFBB92A28EA3B3B47048B05 /* Pods_ChatApp.framework in Frameworks */,
			);
			runOnlyForDeploymentPostprocessing = 0;
		};
		0476B8AE2533C555004C977C /* Frameworks */ = {
			isa = PBXFrameworksBuildPhase;
			buildActionMask = 2147483647;
			files = (
				13369E250CF522F9F40ACDDF /* Pods_ChatAppTests.framework in Frameworks */,
			);
			runOnlyForDeploymentPostprocessing = 0;
		};
		0476B8B92533C555004C977C /* Frameworks */ = {
			isa = PBXFrameworksBuildPhase;
			buildActionMask = 2147483647;
			files = (
				955E809BD8058EED41EDDCDD /* Pods_ChatApp_ChatAppUITests.framework in Frameworks */,
			);
			runOnlyForDeploymentPostprocessing = 0;
		};
/* End PBXFrameworksBuildPhase section */

/* Begin PBXGroup section */
		042083412533D18500AD683E /* Common */ = {
			isa = PBXGroup;
			children = (
				042083422533D18D00AD683E /* View.swift */,
				042083472533D1BE00AD683E /* View+Lottie.swift */,
				042083522533D35900AD683E /* LoaderView.swift */,
				042854C02534A41D003F7030 /* Utils.swift */,
			);
			path = Common;
			sourceTree = "<group>";
		};
		0428540B253425E2003F7030 /* Conversations */ = {
			isa = PBXGroup;
			children = (
				04285451253432D4003F7030 /* ConversationsComposer.swift */,
				04285450253432C6003F7030 /* Model */,
				0428541725342661003F7030 /* ViewModel */,
				0428540C253425EB003F7030 /* View */,
			);
			path = Conversations;
			sourceTree = "<group>";
		};
		0428540C253425EB003F7030 /* View */ = {
			isa = PBXGroup;
			children = (
				0428540D253425F6003F7030 /* Conversations.storyboard */,
				0428541225342626003F7030 /* ConversationsViewController.swift */,
				042854AD25349DA0003F7030 /* ConversationsTableViewCell.swift */,
				042854182534266D003F7030 /* ConversationsView.swift */,
			);
			path = View;
			sourceTree = "<group>";
		};
		0428541725342661003F7030 /* ViewModel */ = {
			isa = PBXGroup;
			children = (
				0428544B2534329B003F7030 /* ConversationsViewModel.swift */,
			);
			path = ViewModel;
			sourceTree = "<group>";
		};
		0428541D253426EA003F7030 /* Firebase */ = {
			isa = PBXGroup;
			children = (
				04285465253434F3003F7030 /* FirebaseManager.swift */,
			);
			path = Firebase;
			sourceTree = "<group>";
		};
		0428542125342970003F7030 /* ResetPassword */ = {
			isa = PBXGroup;
			children = (
				0428544225342BE3003F7030 /* ResetPasswordComposer.swift */,
				042854232534299B003F7030 /* ViewModel */,
				0428542C253429DD003F7030 /* View */,
			);
			path = ResetPassword;
			sourceTree = "<group>";
		};
		042854232534299B003F7030 /* ViewModel */ = {
			isa = PBXGroup;
			children = (
				04285424253429BA003F7030 /* ResetPasswordViewModel.swift */,
			);
			path = ViewModel;
			sourceTree = "<group>";
		};
		0428542C253429DD003F7030 /* View */ = {
			isa = PBXGroup;
			children = (
				0428542D253429F0003F7030 /* ResetPasswordView.swift */,
				0428543825342A20003F7030 /* ResetPassword.storyboard */,
				0428543D25342A49003F7030 /* ResetPasswordViewController.swift */,
			);
			path = View;
			sourceTree = "<group>";
		};
		04285450253432C6003F7030 /* Model */ = {
			isa = PBXGroup;
			children = (
				042854B82534A2CC003F7030 /* SearchResult.swift */,
			);
			path = Model;
			sourceTree = "<group>";
		};
		0428545C25343486003F7030 /* Model */ = {
			isa = PBXGroup;
			children = (
				0428545D2534348C003F7030 /* User.swift */,
			);
			path = Model;
			sourceTree = "<group>";
		};
		04285484253435F5003F7030 /* NewConversation */ = {
			isa = PBXGroup;
			children = (
				04E6BD5C2534CF6000FD155A /* NewConversationComposer.swift */,
				04E6BD562534CCB600FD155A /* ViewModel */,
				042854A625349D5C003F7030 /* View */,
				0428548525343600003F7030 /* Model */,
			);
			path = NewConversation;
			sourceTree = "<group>";
		};
		0428548525343600003F7030 /* Model */ = {
			isa = PBXGroup;
			children = (
				0428548625343605003F7030 /* Message.swift */,
				0428549925343742003F7030 /* Conversation.swift */,
			);
			path = Model;
			sourceTree = "<group>";
		};
		042854A625349D5C003F7030 /* View */ = {
			isa = PBXGroup;
			children = (
				042854CB2534B132003F7030 /* NewConversationViewController.swift */,
				042854D32534B167003F7030 /* NewConversationTableViewCell.swift */,
				04E6BD512534CC8A00FD155A /* NewConversationView.swift */,
			);
			path = View;
			sourceTree = "<group>";
		};
		042854D82534B722003F7030 /* Conversation */ = {
			isa = PBXGroup;
			children = (
				04E6BD682534D17800FD155A /* ConversationComposer.swift */,
				04E6BD702534D17C00FD155A /* ViewModel */,
				042854D92534B820003F7030 /* View */,
			);
			path = Conversation;
			sourceTree = "<group>";
		};
		042854D92534B820003F7030 /* View */ = {
			isa = PBXGroup;
			children = (
				042854DA2534B82F003F7030 /* ConversationViewController.swift */,
				04E6BD792534D32200FD155A /* ConversationView.swift */,
			);
			path = View;
			sourceTree = "<group>";
		};
		0476B8922533C551004C977C = {
			isa = PBXGroup;
			children = (
				0476B89D2533C551004C977C /* ChatApp */,
				0476B8B42533C555004C977C /* ChatAppTests */,
				0476B8BF2533C555004C977C /* ChatAppUITests */,
				0476B89C2533C551004C977C /* Products */,
				8BB4998B5F576B570CF1B503 /* Pods */,
				40140B0EA44C848EE465502B /* Frameworks */,
			);
			sourceTree = "<group>";
		};
		0476B89C2533C551004C977C /* Products */ = {
			isa = PBXGroup;
			children = (
				0476B89B2533C551004C977C /* ChatApp.app */,
				0476B8B12533C555004C977C /* ChatAppTests.xctest */,
				0476B8BC2533C555004C977C /* ChatAppUITests.xctest */,
			);
			name = Products;
			sourceTree = "<group>";
		};
		0476B89D2533C551004C977C /* ChatApp */ = {
			isa = PBXGroup;
			children = (
				0476B8D22533C5A5004C977C /* Core */,
				0476B8D12533C590004C977C /* Application */,
				0476B8A92533C554004C977C /* LaunchScreen.storyboard */,
				0476B8AC2533C554004C977C /* Info.plist */,
			);
			path = ChatApp;
			sourceTree = "<group>";
		};
		0476B8B42533C555004C977C /* ChatAppTests */ = {
			isa = PBXGroup;
			children = (
				0476B8B52533C555004C977C /* ChatAppTests.swift */,
				0476B8B72533C555004C977C /* Info.plist */,
			);
			path = ChatAppTests;
			sourceTree = "<group>";
		};
		0476B8BF2533C555004C977C /* ChatAppUITests */ = {
			isa = PBXGroup;
			children = (
				0476B8C02533C555004C977C /* ChatAppUITests.swift */,
				0476B8C22533C555004C977C /* Info.plist */,
			);
			path = ChatAppUITests;
			sourceTree = "<group>";
		};
		0476B8D12533C590004C977C /* Application */ = {
			isa = PBXGroup;
			children = (
				0428549E2534400D003F7030 /* GoogleService-Info.plist */,
				04A24EF32533D5EF0007E625 /* loader.json */,
				0476B89E2533C551004C977C /* AppDelegate.swift */,
				0476B8A02533C551004C977C /* SceneDelegate.swift */,
				0476B8A72533C554004C977C /* Assets.xcassets */,
			);
			path = Application;
			sourceTree = "<group>";
		};
		0476B8D22533C5A5004C977C /* Core */ = {
			isa = PBXGroup;
			children = (
				042083412533D18500AD683E /* Common */,
				0428541D253426EA003F7030 /* Firebase */,
				04E6BD7E2534E1BF00FD155A /* Profile */,
				0476B8D42533C5B2004C977C /* Register */,
				0476B8D32533C5AD004C977C /* Login */,
				0428542125342970003F7030 /* ResetPassword */,
				0428540B253425E2003F7030 /* Conversations */,
				04285484253435F5003F7030 /* NewConversation */,
				042854D82534B722003F7030 /* Conversation */,
			);
			path = Core;
			sourceTree = "<group>";
		};
		0476B8D32533C5AD004C977C /* Login */ = {
			isa = PBXGroup;
			children = (
				04A24EF82533D6960007E625 /* LoginComposer.swift */,
				0476B8D92533C5E8004C977C /* ViewModel */,
				0476B8D82533C5E3004C977C /* View */,
			);
			path = Login;
			sourceTree = "<group>";
		};
		0476B8D42533C5B2004C977C /* Register */ = {
			isa = PBXGroup;
			children = (
				04A24F4B253421580007E625 /* RegisterComposer.swift */,
				0428545C25343486003F7030 /* Model */,
				04A24F4025341FDF0007E625 /* ViewModel */,
				04A24F3F25341FD50007E625 /* View */,
			);
			path = Register;
			sourceTree = "<group>";
		};
		0476B8D82533C5E3004C977C /* View */ = {
			isa = PBXGroup;
			children = (
				0476B8A22533C551004C977C /* LoginViewController.swift */,
				0476B8A42533C551004C977C /* Login.storyboard */,
				0420833C2533D15400AD683E /* LoginView.swift */,
			);
			path = View;
			sourceTree = "<group>";
		};
		0476B8D92533C5E8004C977C /* ViewModel */ = {
			isa = PBXGroup;
			children = (
				04A24EFD2533D70A0007E625 /* LoginViewModel.swift */,
			);
			path = ViewModel;
			sourceTree = "<group>";
		};
		04A24F3F25341FD50007E625 /* View */ = {
			isa = PBXGroup;
			children = (
				04A24F052533DBFF0007E625 /* Register.storyboard */,
				04A24F1F25341E070007E625 /* RegisterViewController.swift */,
				04A24F4625341FF70007E625 /* RegisterView.swift */,
			);
			path = View;
			sourceTree = "<group>";
		};
		04A24F4025341FDF0007E625 /* ViewModel */ = {
			isa = PBXGroup;
			children = (
				04A24F4125341FEB0007E625 /* RegisterViewModel.swift */,
			);
			path = ViewModel;
			sourceTree = "<group>";
		};
		04E6BD562534CCB600FD155A /* ViewModel */ = {
			isa = PBXGroup;
			children = (
				04E6BD572534CCC000FD155A /* NewConversationViewModel.swift */,
			);
			path = ViewModel;
			sourceTree = "<group>";
		};
		04E6BD702534D17C00FD155A /* ViewModel */ = {
			isa = PBXGroup;
			children = (
				04E6BD712534D18800FD155A /* ConversationViewModel.swift */,
			);
			path = ViewModel;
			sourceTree = "<group>";
		};
		04E6BD7E2534E1BF00FD155A /* Profile */ = {
			isa = PBXGroup;
			children = (
				04E6BD992534E92D00FD155A /* ProfileComposer.swift */,
				04E6BD8D2534E35E00FD155A /* ViewModel */,
				04E6BD7F2534E1CC00FD155A /* View */,
			);
			path = Profile;
			sourceTree = "<group>";
		};
		04E6BD7F2534E1CC00FD155A /* View */ = {
			isa = PBXGroup;
			children = (
				04E6BD802534E1D500FD155A /* Profile.storyboard */,
				04E6BD882534E2C500FD155A /* ProfileViewController.swift */,
				04E6BD8E2534E37B00FD155A /* ProfileView.swift */,
			);
			path = View;
			sourceTree = "<group>";
		};
		04E6BD8D2534E35E00FD155A /* ViewModel */ = {
			isa = PBXGroup;
			children = (
				04E6BD932534E41600FD155A /* ProfileViewModel.swift */,
			);
			path = ViewModel;
			sourceTree = "<group>";
		};
		40140B0EA44C848EE465502B /* Frameworks */ = {
			isa = PBXGroup;
			children = (
				B3739EEAFA19820086C2F562 /* Pods_ChatApp.framework */,
				6A566457C860F036889E580C /* Pods_ChatApp_ChatAppUITests.framework */,
				988EBDA3A94ABA4E5AD63A3E /* Pods_ChatAppTests.framework */,
			);
			name = Frameworks;
			sourceTree = "<group>";
		};
		8BB4998B5F576B570CF1B503 /* Pods */ = {
			isa = PBXGroup;
			children = (
				772F9843B8B7E78579262901 /* Pods-ChatApp.debug.xcconfig */,
				C238421A8316690F6CEDAE73 /* Pods-ChatApp.release.xcconfig */,
				354A4FDDB94A00C93188F62A /* Pods-ChatApp-ChatAppUITests.debug.xcconfig */,
				C7966BC0134D6FB5F7E8498F /* Pods-ChatApp-ChatAppUITests.release.xcconfig */,
				7664C29E2007B18DB56DDE98 /* Pods-ChatAppTests.debug.xcconfig */,
				A30836C5349EF743DCE3FCF8 /* Pods-ChatAppTests.release.xcconfig */,
			);
			path = Pods;
			sourceTree = "<group>";
		};
/* End PBXGroup section */

/* Begin PBXNativeTarget section */
		0476B89A2533C551004C977C /* ChatApp */ = {
			isa = PBXNativeTarget;
			buildConfigurationList = 0476B8C52533C555004C977C /* Build configuration list for PBXNativeTarget "ChatApp" */;
			buildPhases = (
				A7FBA0C6B51FED119356A1BF /* [CP] Check Pods Manifest.lock */,
				0476B8972533C551004C977C /* Sources */,
				0476B8982533C551004C977C /* Frameworks */,
				0476B8992533C551004C977C /* Resources */,
				65C63FC66B3FC65978005CBA /* [CP] Embed Pods Frameworks */,
			);
			buildRules = (
			);
			dependencies = (
			);
			name = ChatApp;
			productName = ChatApp;
			productReference = 0476B89B2533C551004C977C /* ChatApp.app */;
			productType = "com.apple.product-type.application";
		};
		0476B8B02533C555004C977C /* ChatAppTests */ = {
			isa = PBXNativeTarget;
			buildConfigurationList = 0476B8C82533C555004C977C /* Build configuration list for PBXNativeTarget "ChatAppTests" */;
			buildPhases = (
				88089F78AEB927F5C9535D03 /* [CP] Check Pods Manifest.lock */,
				0476B8AD2533C555004C977C /* Sources */,
				0476B8AE2533C555004C977C /* Frameworks */,
				0476B8AF2533C555004C977C /* Resources */,
			);
			buildRules = (
			);
			dependencies = (
				0476B8B32533C555004C977C /* PBXTargetDependency */,
			);
			name = ChatAppTests;
			productName = ChatAppTests;
			productReference = 0476B8B12533C555004C977C /* ChatAppTests.xctest */;
			productType = "com.apple.product-type.bundle.unit-test";
		};
		0476B8BB2533C555004C977C /* ChatAppUITests */ = {
			isa = PBXNativeTarget;
			buildConfigurationList = 0476B8CB2533C555004C977C /* Build configuration list for PBXNativeTarget "ChatAppUITests" */;
			buildPhases = (
				44E0E2A1A4F7861251E33E4B /* [CP] Check Pods Manifest.lock */,
				0476B8B82533C555004C977C /* Sources */,
				0476B8B92533C555004C977C /* Frameworks */,
				0476B8BA2533C555004C977C /* Resources */,
				DFB4DB5736E6B9164543918E /* [CP] Embed Pods Frameworks */,
			);
			buildRules = (
			);
			dependencies = (
				0476B8BE2533C555004C977C /* PBXTargetDependency */,
			);
			name = ChatAppUITests;
			productName = ChatAppUITests;
			productReference = 0476B8BC2533C555004C977C /* ChatAppUITests.xctest */;
			productType = "com.apple.product-type.bundle.ui-testing";
		};
/* End PBXNativeTarget section */

/* Begin PBXProject section */
		0476B8932533C551004C977C /* Project object */ = {
			isa = PBXProject;
			attributes = {
				LastSwiftUpdateCheck = 1200;
				LastUpgradeCheck = 1200;
				TargetAttributes = {
					0476B89A2533C551004C977C = {
						CreatedOnToolsVersion = 12.0.1;
					};
					0476B8B02533C555004C977C = {
						CreatedOnToolsVersion = 12.0.1;
						TestTargetID = 0476B89A2533C551004C977C;
					};
					0476B8BB2533C555004C977C = {
						CreatedOnToolsVersion = 12.0.1;
						TestTargetID = 0476B89A2533C551004C977C;
					};
				};
			};
			buildConfigurationList = 0476B8962533C551004C977C /* Build configuration list for PBXProject "ChatApp" */;
			compatibilityVersion = "Xcode 9.3";
			developmentRegion = en;
			hasScannedForEncodings = 0;
			knownRegions = (
				en,
				Base,
			);
			mainGroup = 0476B8922533C551004C977C;
			productRefGroup = 0476B89C2533C551004C977C /* Products */;
			projectDirPath = "";
			projectRoot = "";
			targets = (
				0476B89A2533C551004C977C /* ChatApp */,
				0476B8B02533C555004C977C /* ChatAppTests */,
				0476B8BB2533C555004C977C /* ChatAppUITests */,
			);
		};
/* End PBXProject section */

/* Begin PBXResourcesBuildPhase section */
		0476B8992533C551004C977C /* Resources */ = {
			isa = PBXResourcesBuildPhase;
			buildActionMask = 2147483647;
			files = (
				0428549F2534400D003F7030 /* GoogleService-Info.plist in Resources */,
				0476B8AB2533C554004C977C /* LaunchScreen.storyboard in Resources */,
				0428543925342A20003F7030 /* ResetPassword.storyboard in Resources */,
				0476B8A82533C554004C977C /* Assets.xcassets in Resources */,
				04A24EF42533D5EF0007E625 /* loader.json in Resources */,
				0428540E253425F6003F7030 /* Conversations.storyboard in Resources */,
				04E6BD812534E1D600FD155A /* Profile.storyboard in Resources */,
				0476B8A62533C551004C977C /* Login.storyboard in Resources */,
				04A24F062533DBFF0007E625 /* Register.storyboard in Resources */,
			);
			runOnlyForDeploymentPostprocessing = 0;
		};
		0476B8AF2533C555004C977C /* Resources */ = {
			isa = PBXResourcesBuildPhase;
			buildActionMask = 2147483647;
			files = (
			);
			runOnlyForDeploymentPostprocessing = 0;
		};
		0476B8BA2533C555004C977C /* Resources */ = {
			isa = PBXResourcesBuildPhase;
			buildActionMask = 2147483647;
			files = (
			);
			runOnlyForDeploymentPostprocessing = 0;
		};
/* End PBXResourcesBuildPhase section */

/* Begin PBXShellScriptBuildPhase section */
		44E0E2A1A4F7861251E33E4B /* [CP] Check Pods Manifest.lock */ = {
			isa = PBXShellScriptBuildPhase;
			buildActionMask = 2147483647;
			files = (
			);
			inputFileListPaths = (
			);
			inputPaths = (
				"${PODS_PODFILE_DIR_PATH}/Podfile.lock",
				"${PODS_ROOT}/Manifest.lock",
			);
			name = "[CP] Check Pods Manifest.lock";
			outputFileListPaths = (
			);
			outputPaths = (
				"$(DERIVED_FILE_DIR)/Pods-ChatApp-ChatAppUITests-checkManifestLockResult.txt",
			);
			runOnlyForDeploymentPostprocessing = 0;
			shellPath = /bin/sh;
			shellScript = "diff \"${PODS_PODFILE_DIR_PATH}/Podfile.lock\" \"${PODS_ROOT}/Manifest.lock\" > /dev/null\nif [ $? != 0 ] ; then\n    # print error to STDERR\n    echo \"error: The sandbox is not in sync with the Podfile.lock. Run 'pod install' or update your CocoaPods installation.\" >&2\n    exit 1\nfi\n# This output is used by Xcode 'outputs' to avoid re-running this script phase.\necho \"SUCCESS\" > \"${SCRIPT_OUTPUT_FILE_0}\"\n";
			showEnvVarsInLog = 0;
		};
		65C63FC66B3FC65978005CBA /* [CP] Embed Pods Frameworks */ = {
			isa = PBXShellScriptBuildPhase;
			buildActionMask = 2147483647;
			files = (
			);
			inputFileListPaths = (
				"${PODS_ROOT}/Target Support Files/Pods-ChatApp/Pods-ChatApp-frameworks-${CONFIGURATION}-input-files.xcfilelist",
			);
			name = "[CP] Embed Pods Frameworks";
			outputFileListPaths = (
				"${PODS_ROOT}/Target Support Files/Pods-ChatApp/Pods-ChatApp-frameworks-${CONFIGURATION}-output-files.xcfilelist",
			);
			runOnlyForDeploymentPostprocessing = 0;
			shellPath = /bin/sh;
			shellScript = "\"${PODS_ROOT}/Target Support Files/Pods-ChatApp/Pods-ChatApp-frameworks.sh\"\n";
			showEnvVarsInLog = 0;
		};
		88089F78AEB927F5C9535D03 /* [CP] Check Pods Manifest.lock */ = {
			isa = PBXShellScriptBuildPhase;
			buildActionMask = 2147483647;
			files = (
			);
			inputFileListPaths = (
			);
			inputPaths = (
				"${PODS_PODFILE_DIR_PATH}/Podfile.lock",
				"${PODS_ROOT}/Manifest.lock",
			);
			name = "[CP] Check Pods Manifest.lock";
			outputFileListPaths = (
			);
			outputPaths = (
				"$(DERIVED_FILE_DIR)/Pods-ChatAppTests-checkManifestLockResult.txt",
			);
			runOnlyForDeploymentPostprocessing = 0;
			shellPath = /bin/sh;
			shellScript = "diff \"${PODS_PODFILE_DIR_PATH}/Podfile.lock\" \"${PODS_ROOT}/Manifest.lock\" > /dev/null\nif [ $? != 0 ] ; then\n    # print error to STDERR\n    echo \"error: The sandbox is not in sync with the Podfile.lock. Run 'pod install' or update your CocoaPods installation.\" >&2\n    exit 1\nfi\n# This output is used by Xcode 'outputs' to avoid re-running this script phase.\necho \"SUCCESS\" > \"${SCRIPT_OUTPUT_FILE_0}\"\n";
			showEnvVarsInLog = 0;
		};
		A7FBA0C6B51FED119356A1BF /* [CP] Check Pods Manifest.lock */ = {
			isa = PBXShellScriptBuildPhase;
			buildActionMask = 2147483647;
			files = (
			);
			inputFileListPaths = (
			);
			inputPaths = (
				"${PODS_PODFILE_DIR_PATH}/Podfile.lock",
				"${PODS_ROOT}/Manifest.lock",
			);
			name = "[CP] Check Pods Manifest.lock";
			outputFileListPaths = (
			);
			outputPaths = (
				"$(DERIVED_FILE_DIR)/Pods-ChatApp-checkManifestLockResult.txt",
			);
			runOnlyForDeploymentPostprocessing = 0;
			shellPath = /bin/sh;
			shellScript = "diff \"${PODS_PODFILE_DIR_PATH}/Podfile.lock\" \"${PODS_ROOT}/Manifest.lock\" > /dev/null\nif [ $? != 0 ] ; then\n    # print error to STDERR\n    echo \"error: The sandbox is not in sync with the Podfile.lock. Run 'pod install' or update your CocoaPods installation.\" >&2\n    exit 1\nfi\n# This output is used by Xcode 'outputs' to avoid re-running this script phase.\necho \"SUCCESS\" > \"${SCRIPT_OUTPUT_FILE_0}\"\n";
			showEnvVarsInLog = 0;
		};
		DFB4DB5736E6B9164543918E /* [CP] Embed Pods Frameworks */ = {
			isa = PBXShellScriptBuildPhase;
			buildActionMask = 2147483647;
			files = (
			);
			inputFileListPaths = (
				"${PODS_ROOT}/Target Support Files/Pods-ChatApp-ChatAppUITests/Pods-ChatApp-ChatAppUITests-frameworks-${CONFIGURATION}-input-files.xcfilelist",
			);
			name = "[CP] Embed Pods Frameworks";
			outputFileListPaths = (
				"${PODS_ROOT}/Target Support Files/Pods-ChatApp-ChatAppUITests/Pods-ChatApp-ChatAppUITests-frameworks-${CONFIGURATION}-output-files.xcfilelist",
			);
			runOnlyForDeploymentPostprocessing = 0;
			shellPath = /bin/sh;
			shellScript = "\"${PODS_ROOT}/Target Support Files/Pods-ChatApp-ChatAppUITests/Pods-ChatApp-ChatAppUITests-frameworks.sh\"\n";
			showEnvVarsInLog = 0;
		};
/* End PBXShellScriptBuildPhase section */

/* Begin PBXSourcesBuildPhase section */
		0476B8972533C551004C977C /* Sources */ = {
			isa = PBXSourcesBuildPhase;
			buildActionMask = 2147483647;
			files = (
				042854CC2534B132003F7030 /* NewConversationViewController.swift in Sources */,
				04E6BD8F2534E37B00FD155A /* ProfileView.swift in Sources */,
				04A24F4C253421580007E625 /* RegisterComposer.swift in Sources */,
				0428544C2534329B003F7030 /* ConversationsViewModel.swift in Sources */,
				042854AE25349DA0003F7030 /* ConversationsTableViewCell.swift in Sources */,
				042854C12534A41D003F7030 /* Utils.swift in Sources */,
				04E6BD692534D17800FD155A /* ConversationComposer.swift in Sources */,
				0428541325342626003F7030 /* ConversationsViewController.swift in Sources */,
				04E6BD9A2534E92D00FD155A /* ProfileComposer.swift in Sources */,
				0428542E253429F0003F7030 /* ResetPasswordView.swift in Sources */,
				0476B8A32533C551004C977C /* LoginViewController.swift in Sources */,
				042854192534266D003F7030 /* ConversationsView.swift in Sources */,
				04E6BD5D2534CF6000FD155A /* NewConversationComposer.swift in Sources */,
				04A24F2025341E070007E625 /* RegisterViewController.swift in Sources */,
				0428544325342BE3003F7030 /* ResetPasswordComposer.swift in Sources */,
				04E6BD942534E41600FD155A /* ProfileViewModel.swift in Sources */,
				042083482533D1BE00AD683E /* View+Lottie.swift in Sources */,
				042854B92534A2CC003F7030 /* SearchResult.swift in Sources */,
				0476B89F2533C551004C977C /* AppDelegate.swift in Sources */,
				0428545E2534348C003F7030 /* User.swift in Sources */,
				04285452253432D4003F7030 /* ConversationsComposer.swift in Sources */,
				04A24F4225341FEB0007E625 /* RegisterViewModel.swift in Sources */,
				042854D42534B167003F7030 /* NewConversationTableViewCell.swift in Sources */,
				042854DB2534B82F003F7030 /* ConversationViewController.swift in Sources */,
				0428549A25343742003F7030 /* Conversation.swift in Sources */,
				04E6BD522534CC8A00FD155A /* NewConversationView.swift in Sources */,
				0428543E25342A49003F7030 /* ResetPasswordViewController.swift in Sources */,
				042083532533D35900AD683E /* LoaderView.swift in Sources */,
				04E6BD722534D18800FD155A /* ConversationViewModel.swift in Sources */,
				04285425253429BA003F7030 /* ResetPasswordViewModel.swift in Sources */,
				042083432533D18D00AD683E /* View.swift in Sources */,
				04E6BD892534E2C500FD155A /* ProfileViewController.swift in Sources */,
				04E6BD582534CCC000FD155A /* NewConversationViewModel.swift in Sources */,
				0420833D2533D15400AD683E /* LoginView.swift in Sources */,
				0476B8A12533C551004C977C /* SceneDelegate.swift in Sources */,
				04A24F4725341FF70007E625 /* RegisterView.swift in Sources */,
				04285466253434F3003F7030 /* FirebaseManager.swift in Sources */,
				0428548725343605003F7030 /* Message.swift in Sources */,
				04A24EF92533D6960007E625 /* LoginComposer.swift in Sources */,
				04E6BD7A2534D32200FD155A /* ConversationView.swift in Sources */,
				04A24EFE2533D70A0007E625 /* LoginViewModel.swift in Sources */,
			);
			runOnlyForDeploymentPostprocessing = 0;
		};
		0476B8AD2533C555004C977C /* Sources */ = {
			isa = PBXSourcesBuildPhase;
			buildActionMask = 2147483647;
			files = (
				0476B8B62533C555004C977C /* ChatAppTests.swift in Sources */,
			);
			runOnlyForDeploymentPostprocessing = 0;
		};
		0476B8B82533C555004C977C /* Sources */ = {
			isa = PBXSourcesBuildPhase;
			buildActionMask = 2147483647;
			files = (
				0476B8C12533C555004C977C /* ChatAppUITests.swift in Sources */,
			);
			runOnlyForDeploymentPostprocessing = 0;
		};
/* End PBXSourcesBuildPhase section */

/* Begin PBXTargetDependency section */
		0476B8B32533C555004C977C /* PBXTargetDependency */ = {
			isa = PBXTargetDependency;
			target = 0476B89A2533C551004C977C /* ChatApp */;
			targetProxy = 0476B8B22533C555004C977C /* PBXContainerItemProxy */;
		};
		0476B8BE2533C555004C977C /* PBXTargetDependency */ = {
			isa = PBXTargetDependency;
			target = 0476B89A2533C551004C977C /* ChatApp */;
			targetProxy = 0476B8BD2533C555004C977C /* PBXContainerItemProxy */;
		};
/* End PBXTargetDependency section */

/* Begin PBXVariantGroup section */
		0476B8A42533C551004C977C /* Login.storyboard */ = {
			isa = PBXVariantGroup;
			children = (
				0476B8A52533C551004C977C /* Base */,
			);
			name = Login.storyboard;
			sourceTree = "<group>";
		};
		0476B8A92533C554004C977C /* LaunchScreen.storyboard */ = {
			isa = PBXVariantGroup;
			children = (
				0476B8AA2533C554004C977C /* Base */,
			);
			name = LaunchScreen.storyboard;
			sourceTree = "<group>";
		};
/* End PBXVariantGroup section */

/* Begin XCBuildConfiguration section */
		0476B8C32533C555004C977C /* Debug */ = {
			isa = XCBuildConfiguration;
			buildSettings = {
				ALWAYS_SEARCH_USER_PATHS = NO;
				CLANG_ANALYZER_NONNULL = YES;
				CLANG_ANALYZER_NUMBER_OBJECT_CONVERSION = YES_AGGRESSIVE;
				CLANG_CXX_LANGUAGE_STANDARD = "gnu++14";
				CLANG_CXX_LIBRARY = "libc++";
				CLANG_ENABLE_MODULES = YES;
				CLANG_ENABLE_OBJC_ARC = YES;
				CLANG_ENABLE_OBJC_WEAK = YES;
				CLANG_WARN_BLOCK_CAPTURE_AUTORELEASING = YES;
				CLANG_WARN_BOOL_CONVERSION = YES;
				CLANG_WARN_COMMA = YES;
				CLANG_WARN_CONSTANT_CONVERSION = YES;
				CLANG_WARN_DEPRECATED_OBJC_IMPLEMENTATIONS = YES;
				CLANG_WARN_DIRECT_OBJC_ISA_USAGE = YES_ERROR;
				CLANG_WARN_DOCUMENTATION_COMMENTS = YES;
				CLANG_WARN_EMPTY_BODY = YES;
				CLANG_WARN_ENUM_CONVERSION = YES;
				CLANG_WARN_INFINITE_RECURSION = YES;
				CLANG_WARN_INT_CONVERSION = YES;
				CLANG_WARN_NON_LITERAL_NULL_CONVERSION = YES;
				CLANG_WARN_OBJC_IMPLICIT_RETAIN_SELF = YES;
				CLANG_WARN_OBJC_LITERAL_CONVERSION = YES;
				CLANG_WARN_OBJC_ROOT_CLASS = YES_ERROR;
				CLANG_WARN_QUOTED_INCLUDE_IN_FRAMEWORK_HEADER = YES;
				CLANG_WARN_RANGE_LOOP_ANALYSIS = YES;
				CLANG_WARN_STRICT_PROTOTYPES = YES;
				CLANG_WARN_SUSPICIOUS_MOVE = YES;
				CLANG_WARN_UNGUARDED_AVAILABILITY = YES_AGGRESSIVE;
				CLANG_WARN_UNREACHABLE_CODE = YES;
				CLANG_WARN__DUPLICATE_METHOD_MATCH = YES;
				COPY_PHASE_STRIP = NO;
				DEBUG_INFORMATION_FORMAT = dwarf;
				ENABLE_STRICT_OBJC_MSGSEND = YES;
				ENABLE_TESTABILITY = YES;
				GCC_C_LANGUAGE_STANDARD = gnu11;
				GCC_DYNAMIC_NO_PIC = NO;
				GCC_NO_COMMON_BLOCKS = YES;
				GCC_OPTIMIZATION_LEVEL = 0;
				GCC_PREPROCESSOR_DEFINITIONS = (
					"DEBUG=1",
					"$(inherited)",
				);
				GCC_WARN_64_TO_32_BIT_CONVERSION = YES;
				GCC_WARN_ABOUT_RETURN_TYPE = YES_ERROR;
				GCC_WARN_UNDECLARED_SELECTOR = YES;
				GCC_WARN_UNINITIALIZED_AUTOS = YES_AGGRESSIVE;
				GCC_WARN_UNUSED_FUNCTION = YES;
				GCC_WARN_UNUSED_VARIABLE = YES;
				IPHONEOS_DEPLOYMENT_TARGET = 14.0;
				MTL_ENABLE_DEBUG_INFO = INCLUDE_SOURCE;
				MTL_FAST_MATH = YES;
				ONLY_ACTIVE_ARCH = YES;
				SDKROOT = iphoneos;
				SWIFT_ACTIVE_COMPILATION_CONDITIONS = DEBUG;
				SWIFT_OPTIMIZATION_LEVEL = "-Onone";
			};
			name = Debug;
		};
		0476B8C42533C555004C977C /* Release */ = {
			isa = XCBuildConfiguration;
			buildSettings = {
				ALWAYS_SEARCH_USER_PATHS = NO;
				CLANG_ANALYZER_NONNULL = YES;
				CLANG_ANALYZER_NUMBER_OBJECT_CONVERSION = YES_AGGRESSIVE;
				CLANG_CXX_LANGUAGE_STANDARD = "gnu++14";
				CLANG_CXX_LIBRARY = "libc++";
				CLANG_ENABLE_MODULES = YES;
				CLANG_ENABLE_OBJC_ARC = YES;
				CLANG_ENABLE_OBJC_WEAK = YES;
				CLANG_WARN_BLOCK_CAPTURE_AUTORELEASING = YES;
				CLANG_WARN_BOOL_CONVERSION = YES;
				CLANG_WARN_COMMA = YES;
				CLANG_WARN_CONSTANT_CONVERSION = YES;
				CLANG_WARN_DEPRECATED_OBJC_IMPLEMENTATIONS = YES;
				CLANG_WARN_DIRECT_OBJC_ISA_USAGE = YES_ERROR;
				CLANG_WARN_DOCUMENTATION_COMMENTS = YES;
				CLANG_WARN_EMPTY_BODY = YES;
				CLANG_WARN_ENUM_CONVERSION = YES;
				CLANG_WARN_INFINITE_RECURSION = YES;
				CLANG_WARN_INT_CONVERSION = YES;
				CLANG_WARN_NON_LITERAL_NULL_CONVERSION = YES;
				CLANG_WARN_OBJC_IMPLICIT_RETAIN_SELF = YES;
				CLANG_WARN_OBJC_LITERAL_CONVERSION = YES;
				CLANG_WARN_OBJC_ROOT_CLASS = YES_ERROR;
				CLANG_WARN_QUOTED_INCLUDE_IN_FRAMEWORK_HEADER = YES;
				CLANG_WARN_RANGE_LOOP_ANALYSIS = YES;
				CLANG_WARN_STRICT_PROTOTYPES = YES;
				CLANG_WARN_SUSPICIOUS_MOVE = YES;
				CLANG_WARN_UNGUARDED_AVAILABILITY = YES_AGGRESSIVE;
				CLANG_WARN_UNREACHABLE_CODE = YES;
				CLANG_WARN__DUPLICATE_METHOD_MATCH = YES;
				COPY_PHASE_STRIP = NO;
				DEBUG_INFORMATION_FORMAT = "dwarf-with-dsym";
				ENABLE_NS_ASSERTIONS = NO;
				ENABLE_STRICT_OBJC_MSGSEND = YES;
				GCC_C_LANGUAGE_STANDARD = gnu11;
				GCC_NO_COMMON_BLOCKS = YES;
				GCC_WARN_64_TO_32_BIT_CONVERSION = YES;
				GCC_WARN_ABOUT_RETURN_TYPE = YES_ERROR;
				GCC_WARN_UNDECLARED_SELECTOR = YES;
				GCC_WARN_UNINITIALIZED_AUTOS = YES_AGGRESSIVE;
				GCC_WARN_UNUSED_FUNCTION = YES;
				GCC_WARN_UNUSED_VARIABLE = YES;
				IPHONEOS_DEPLOYMENT_TARGET = 14.0;
				MTL_ENABLE_DEBUG_INFO = NO;
				MTL_FAST_MATH = YES;
				SDKROOT = iphoneos;
				SWIFT_COMPILATION_MODE = wholemodule;
				SWIFT_OPTIMIZATION_LEVEL = "-O";
				VALIDATE_PRODUCT = YES;
			};
			name = Release;
		};
		0476B8C62533C555004C977C /* Debug */ = {
			isa = XCBuildConfiguration;
			baseConfigurationReference = 772F9843B8B7E78579262901 /* Pods-ChatApp.debug.xcconfig */;
			buildSettings = {
				ASSETCATALOG_COMPILER_APPICON_NAME = AppIcon;
				ASSETCATALOG_COMPILER_GLOBAL_ACCENT_COLOR_NAME = AccentColor;
				CODE_SIGN_STYLE = Automatic;
				DEVELOPMENT_TEAM = 24NQYTN6XS;
				INFOPLIST_FILE = ChatApp/Info.plist;
				LD_RUNPATH_SEARCH_PATHS = (
					"$(inherited)",
					"@executable_path/Frameworks",
				);
				PRODUCT_BUNDLE_IDENTIFIER = com.aaguilar.ChatApp;
				PRODUCT_NAME = "$(TARGET_NAME)";
				SWIFT_VERSION = 5.0;
				TARGETED_DEVICE_FAMILY = "1,2";
			};
			name = Debug;
		};
		0476B8C72533C555004C977C /* Release */ = {
			isa = XCBuildConfiguration;
			baseConfigurationReference = C238421A8316690F6CEDAE73 /* Pods-ChatApp.release.xcconfig */;
			buildSettings = {
				ASSETCATALOG_COMPILER_APPICON_NAME = AppIcon;
				ASSETCATALOG_COMPILER_GLOBAL_ACCENT_COLOR_NAME = AccentColor;
				CODE_SIGN_STYLE = Automatic;
				DEVELOPMENT_TEAM = 24NQYTN6XS;
				INFOPLIST_FILE = ChatApp/Info.plist;
				LD_RUNPATH_SEARCH_PATHS = (
					"$(inherited)",
					"@executable_path/Frameworks",
				);
				PRODUCT_BUNDLE_IDENTIFIER = com.aaguilar.ChatApp;
				PRODUCT_NAME = "$(TARGET_NAME)";
				SWIFT_VERSION = 5.0;
				TARGETED_DEVICE_FAMILY = "1,2";
			};
			name = Release;
		};
		0476B8C92533C555004C977C /* Debug */ = {
			isa = XCBuildConfiguration;
			baseConfigurationReference = 7664C29E2007B18DB56DDE98 /* Pods-ChatAppTests.debug.xcconfig */;
			buildSettings = {
				ALWAYS_EMBED_SWIFT_STANDARD_LIBRARIES = YES;
				BUNDLE_LOADER = "$(TEST_HOST)";
				CODE_SIGN_STYLE = Automatic;
				DEVELOPMENT_TEAM = 24NQYTN6XS;
				INFOPLIST_FILE = ChatAppTests/Info.plist;
				IPHONEOS_DEPLOYMENT_TARGET = 14.0;
				LD_RUNPATH_SEARCH_PATHS = (
					"$(inherited)",
					"@executable_path/Frameworks",
					"@loader_path/Frameworks",
				);
				PRODUCT_BUNDLE_IDENTIFIER = com.aaguilar.ChatAppTests;
				PRODUCT_NAME = "$(TARGET_NAME)";
				SWIFT_VERSION = 5.0;
				TARGETED_DEVICE_FAMILY = "1,2";
				TEST_HOST = "$(BUILT_PRODUCTS_DIR)/ChatApp.app/ChatApp";
			};
			name = Debug;
		};
		0476B8CA2533C555004C977C /* Release */ = {
			isa = XCBuildConfiguration;
			baseConfigurationReference = A30836C5349EF743DCE3FCF8 /* Pods-ChatAppTests.release.xcconfig */;
			buildSettings = {
				ALWAYS_EMBED_SWIFT_STANDARD_LIBRARIES = YES;
				BUNDLE_LOADER = "$(TEST_HOST)";
				CODE_SIGN_STYLE = Automatic;
				DEVELOPMENT_TEAM = 24NQYTN6XS;
				INFOPLIST_FILE = ChatAppTests/Info.plist;
				IPHONEOS_DEPLOYMENT_TARGET = 14.0;
				LD_RUNPATH_SEARCH_PATHS = (
					"$(inherited)",
					"@executable_path/Frameworks",
					"@loader_path/Frameworks",
				);
				PRODUCT_BUNDLE_IDENTIFIER = com.aaguilar.ChatAppTests;
				PRODUCT_NAME = "$(TARGET_NAME)";
				SWIFT_VERSION = 5.0;
				TARGETED_DEVICE_FAMILY = "1,2";
				TEST_HOST = "$(BUILT_PRODUCTS_DIR)/ChatApp.app/ChatApp";
			};
			name = Release;
		};
		0476B8CC2533C555004C977C /* Debug */ = {
			isa = XCBuildConfiguration;
			baseConfigurationReference = 354A4FDDB94A00C93188F62A /* Pods-ChatApp-ChatAppUITests.debug.xcconfig */;
			buildSettings = {
				ALWAYS_EMBED_SWIFT_STANDARD_LIBRARIES = YES;
				CODE_SIGN_STYLE = Automatic;
				DEVELOPMENT_TEAM = 24NQYTN6XS;
				INFOPLIST_FILE = ChatAppUITests/Info.plist;
				LD_RUNPATH_SEARCH_PATHS = (
					"$(inherited)",
					"@executable_path/Frameworks",
					"@loader_path/Frameworks",
				);
				PRODUCT_BUNDLE_IDENTIFIER = com.aaguilar.ChatAppUITests;
				PRODUCT_NAME = "$(TARGET_NAME)";
				SWIFT_VERSION = 5.0;
				TARGETED_DEVICE_FAMILY = "1,2";
				TEST_TARGET_NAME = ChatApp;
			};
			name = Debug;
		};
		0476B8CD2533C555004C977C /* Release */ = {
			isa = XCBuildConfiguration;
			baseConfigurationReference = C7966BC0134D6FB5F7E8498F /* Pods-ChatApp-ChatAppUITests.release.xcconfig */;
			buildSettings = {
				ALWAYS_EMBED_SWIFT_STANDARD_LIBRARIES = YES;
				CODE_SIGN_STYLE = Automatic;
				DEVELOPMENT_TEAM = 24NQYTN6XS;
				INFOPLIST_FILE = ChatAppUITests/Info.plist;
				LD_RUNPATH_SEARCH_PATHS = (
					"$(inherited)",
					"@executable_path/Frameworks",
					"@loader_path/Frameworks",
				);
				PRODUCT_BUNDLE_IDENTIFIER = com.aaguilar.ChatAppUITests;
				PRODUCT_NAME = "$(TARGET_NAME)";
				SWIFT_VERSION = 5.0;
				TARGETED_DEVICE_FAMILY = "1,2";
				TEST_TARGET_NAME = ChatApp;
			};
			name = Release;
		};
/* End XCBuildConfiguration section */

/* Begin XCConfigurationList section */
		0476B8962533C551004C977C /* Build configuration list for PBXProject "ChatApp" */ = {
			isa = XCConfigurationList;
			buildConfigurations = (
				0476B8C32533C555004C977C /* Debug */,
				0476B8C42533C555004C977C /* Release */,
			);
			defaultConfigurationIsVisible = 0;
			defaultConfigurationName = Release;
		};
		0476B8C52533C555004C977C /* Build configuration list for PBXNativeTarget "ChatApp" */ = {
			isa = XCConfigurationList;
			buildConfigurations = (
				0476B8C62533C555004C977C /* Debug */,
				0476B8C72533C555004C977C /* Release */,
			);
			defaultConfigurationIsVisible = 0;
			defaultConfigurationName = Release;
		};
		0476B8C82533C555004C977C /* Build configuration list for PBXNativeTarget "ChatAppTests" */ = {
			isa = XCConfigurationList;
			buildConfigurations = (
				0476B8C92533C555004C977C /* Debug */,
				0476B8CA2533C555004C977C /* Release */,
			);
			defaultConfigurationIsVisible = 0;
			defaultConfigurationName = Release;
		};
		0476B8CB2533C555004C977C /* Build configuration list for PBXNativeTarget "ChatAppUITests" */ = {
			isa = XCConfigurationList;
			buildConfigurations = (
				0476B8CC2533C555004C977C /* Debug */,
				0476B8CD2533C555004C977C /* Release */,
			);
			defaultConfigurationIsVisible = 0;
			defaultConfigurationName = Release;
		};
/* End XCConfigurationList section */
	};
	rootObject = 0476B8932533C551004C977C /* Project object */;
}
